// !$*UTF8*$!
{
	archiveVersion = 1;
	classes = {
	};
	objectVersion = 46;
	objects = {

/* Begin PBXBuildFile section */
		6419810C1AE04FCD008C6E47 /* main.m in Sources */ = {isa = PBXBuildFile; fileRef = 6419810B1AE04FCD008C6E47 /* main.m */; };
		6419810F1AE04FCD008C6E47 /* AppDelegate.m in Sources */ = {isa = PBXBuildFile; fileRef = 6419810E1AE04FCD008C6E47 /* AppDelegate.m */; };
		6419811A1AE04FCE008C6E47 /* Images.xcassets in Resources */ = {isa = PBXBuildFile; fileRef = 641981191AE04FCE008C6E47 /* Images.xcassets */; };
		642687D71AFC0F26001DE256 /* LaunchScreen.xib in Resources */ = {isa = PBXBuildFile; fileRef = 642687D51AFC0F26001DE256 /* LaunchScreen.xib */; };
		64369A831AFC103800579459 /* Main.storyboard in Resources */ = {isa = PBXBuildFile; fileRef = 64369A811AFC103800579459 /* Main.storyboard */; };
		643D3E251AFBF568002DD240 /* ListViewController.m in Sources */ = {isa = PBXBuildFile; fileRef = 643D3E1C1AFBF568002DD240 /* ListViewController.m */; };
		643D3E261AFBF568002DD240 /* LoginViewController.m in Sources */ = {isa = PBXBuildFile; fileRef = 643D3E1E1AFBF568002DD240 /* LoginViewController.m */; };
		643D3E271AFBF568002DD240 /* NodeViewController.m in Sources */ = {isa = PBXBuildFile; fileRef = 643D3E201AFBF568002DD240 /* NodeViewController.m */; };
		643D3E281AFBF568002DD240 /* PreviewViewController.m in Sources */ = {isa = PBXBuildFile; fileRef = 643D3E221AFBF568002DD240 /* PreviewViewController.m */; };
		643D3E291AFBF568002DD240 /* UIImage+NodeIcon.m in Sources */ = {isa = PBXBuildFile; fileRef = 643D3E241AFBF568002DD240 /* UIImage+NodeIcon.m */; };
		64B62B7A1AE05E6900A433A2 /* Security.framework in Frameworks */ = {isa = PBXBuildFile; fileRef = 64B62B791AE05E6900A433A2 /* Security.framework */; };
		64B62B7C1AE05E7700A433A2 /* LoginWithAmazon.framework in Frameworks */ = {isa = PBXBuildFile; fileRef = 64B62B751AE05E4800A433A2 /* LoginWithAmazon.framework */; };
		64CD3C271B2FAC1C00F14FB1 /* ACDSKit.framework in Frameworks */ = {isa = PBXBuildFile; fileRef = 64CD3C261B2FAC1C00F14FB1 /* ACDSKit.framework */; };
		64ED81441B02B013008FC4B4 /* AMZNConcurrentOperation.m in Sources */ = {isa = PBXBuildFile; fileRef = 64ED812D1B02B013008FC4B4 /* AMZNConcurrentOperation.m */; };
		64ED81451B02B013008FC4B4 /* AMZNOperationDispatcher.m in Sources */ = {isa = PBXBuildFile; fileRef = 64ED812F1B02B013008FC4B4 /* AMZNOperationDispatcher.m */; };
		64ED81461B02B013008FC4B4 /* AMZNAccountManager+Notification.m in Sources */ = {isa = PBXBuildFile; fileRef = 64ED81321B02B013008FC4B4 /* AMZNAccountManager+Notification.m */; };
		64ED81471B02B013008FC4B4 /* AMZNAccountManager.m in Sources */ = {isa = PBXBuildFile; fileRef = 64ED81341B02B013008FC4B4 /* AMZNAccountManager.m */; };
		64ED81481B02B013008FC4B4 /* AMZNAuthorizationProvider.m in Sources */ = {isa = PBXBuildFile; fileRef = 64ED81361B02B013008FC4B4 /* AMZNAuthorizationProvider.m */; };
		64ED81491B02B013008FC4B4 /* AMZNLoginWithAmazonConstants.m in Sources */ = {isa = PBXBuildFile; fileRef = 64ED81381B02B013008FC4B4 /* AMZNLoginWithAmazonConstants.m */; };
		64ED814A1B02B013008FC4B4 /* AMZNLoginWithAmazonError.m in Sources */ = {isa = PBXBuildFile; fileRef = 64ED813A1B02B013008FC4B4 /* AMZNLoginWithAmazonError.m */; };
		64ED814B1B02B013008FC4B4 /* NSError+LoginWithAmazon.m in Sources */ = {isa = PBXBuildFile; fileRef = 64ED813C1B02B013008FC4B4 /* NSError+LoginWithAmazon.m */; };
		64ED814C1B02B013008FC4B4 /* AMZNGetAuthTokenOperation.m in Sources */ = {isa = PBXBuildFile; fileRef = 64ED813F1B02B013008FC4B4 /* AMZNGetAuthTokenOperation.m */; };
		64ED814D1B02B013008FC4B4 /* AMZNLoginOperation.m in Sources */ = {isa = PBXBuildFile; fileRef = 64ED81411B02B013008FC4B4 /* AMZNLoginOperation.m */; };
		64ED814E1B02B013008FC4B4 /* AMZNLogoutOperation.m in Sources */ = {isa = PBXBuildFile; fileRef = 64ED81431B02B013008FC4B4 /* AMZNLogoutOperation.m */; };
		64EF7FDC1AE05A600064004E /* ACDSKClient+Convenience.m in Sources */ = {isa = PBXBuildFile; fileRef = 64EF7FDB1AE05A600064004E /* ACDSKClient+Convenience.m */; };
/* End PBXBuildFile section */

/* Begin PBXFileReference section */
		641981061AE04FCD008C6E47 /* ACDSKitSampleApp.app */ = {isa = PBXFileReference; explicitFileType = wrapper.application; includeInIndex = 0; path = ACDSKitSampleApp.app; sourceTree = BUILT_PRODUCTS_DIR; };
		6419810A1AE04FCD008C6E47 /* Info.plist */ = {isa = PBXFileReference; lastKnownFileType = text.plist.xml; path = Info.plist; sourceTree = "<group>"; };
		6419810B1AE04FCD008C6E47 /* main.m */ = {isa = PBXFileReference; lastKnownFileType = sourcecode.c.objc; path = main.m; sourceTree = "<group>"; };
		6419810D1AE04FCD008C6E47 /* AppDelegate.h */ = {isa = PBXFileReference; lastKnownFileType = sourcecode.c.h; path = AppDelegate.h; sourceTree = "<group>"; };
		6419810E1AE04FCD008C6E47 /* AppDelegate.m */ = {isa = PBXFileReference; lastKnownFileType = sourcecode.c.objc; path = AppDelegate.m; sourceTree = "<group>"; };
		641981191AE04FCE008C6E47 /* Images.xcassets */ = {isa = PBXFileReference; lastKnownFileType = folder.assetcatalog; path = Images.xcassets; sourceTree = "<group>"; };
		642687D61AFC0F26001DE256 /* Base */ = {isa = PBXFileReference; lastKnownFileType = file.xib; name = Base; path = Base.lproj/LaunchScreen.xib; sourceTree = "<group>"; };
		64369A821AFC103800579459 /* Base */ = {isa = PBXFileReference; lastKnownFileType = file.storyboard; name = Base; path = Base.lproj/Main.storyboard; sourceTree = "<group>"; };
		64369A851AFC104C00579459 /* en */ = {isa = PBXFileReference; lastKnownFileType = text.plist.strings; name = en; path = en.lproj/Main.strings; sourceTree = "<group>"; };
		64369A871AFC105700579459 /* en */ = {isa = PBXFileReference; lastKnownFileType = text.plist.strings; name = en; path = en.lproj/LaunchScreen.strings; sourceTree = "<group>"; };
		643D3E1B1AFBF568002DD240 /* ListViewController.h */ = {isa = PBXFileReference; fileEncoding = 4; lastKnownFileType = sourcecode.c.h; path = ListViewController.h; sourceTree = "<group>"; };
		643D3E1C1AFBF568002DD240 /* ListViewController.m */ = {isa = PBXFileReference; fileEncoding = 4; lastKnownFileType = sourcecode.c.objc; path = ListViewController.m; sourceTree = "<group>"; };
		643D3E1D1AFBF568002DD240 /* LoginViewController.h */ = {isa = PBXFileReference; fileEncoding = 4; lastKnownFileType = sourcecode.c.h; path = LoginViewController.h; sourceTree = "<group>"; };
		643D3E1E1AFBF568002DD240 /* LoginViewController.m */ = {isa = PBXFileReference; fileEncoding = 4; lastKnownFileType = sourcecode.c.objc; path = LoginViewController.m; sourceTree = "<group>"; };
		643D3E1F1AFBF568002DD240 /* NodeViewController.h */ = {isa = PBXFileReference; fileEncoding = 4; lastKnownFileType = sourcecode.c.h; path = NodeViewController.h; sourceTree = "<group>"; };
		643D3E201AFBF568002DD240 /* NodeViewController.m */ = {isa = PBXFileReference; fileEncoding = 4; lastKnownFileType = sourcecode.c.objc; path = NodeViewController.m; sourceTree = "<group>"; };
		643D3E211AFBF568002DD240 /* PreviewViewController.h */ = {isa = PBXFileReference; fileEncoding = 4; lastKnownFileType = sourcecode.c.h; path = PreviewViewController.h; sourceTree = "<group>"; };
		643D3E221AFBF568002DD240 /* PreviewViewController.m */ = {isa = PBXFileReference; fileEncoding = 4; lastKnownFileType = sourcecode.c.objc; path = PreviewViewController.m; sourceTree = "<group>"; };
		643D3E231AFBF568002DD240 /* UIImage+NodeIcon.h */ = {isa = PBXFileReference; fileEncoding = 4; lastKnownFileType = sourcecode.c.h; path = "UIImage+NodeIcon.h"; sourceTree = "<group>"; };
		643D3E241AFBF568002DD240 /* UIImage+NodeIcon.m */ = {isa = PBXFileReference; fileEncoding = 4; lastKnownFileType = sourcecode.c.objc; path = "UIImage+NodeIcon.m"; sourceTree = "<group>"; };
		64B62B751AE05E4800A433A2 /* LoginWithAmazon.framework */ = {isa = PBXFileReference; lastKnownFileType = wrapper.framework; name = LoginWithAmazon.framework; path = Frameworks/LoginWithAmazon.framework; sourceTree = "<group>"; };
		64B62B791AE05E6900A433A2 /* Security.framework */ = {isa = PBXFileReference; lastKnownFileType = wrapper.framework; name = Security.framework; path = System/Library/Frameworks/Security.framework; sourceTree = SDKROOT; };
		64CD3C261B2FAC1C00F14FB1 /* ACDSKit.framework */ = {isa = PBXFileReference; lastKnownFileType = wrapper.framework; name = ACDSKit.framework; path = Frameworks/ACDSKit.framework; sourceTree = "<group>"; };
		64ED812C1B02B013008FC4B4 /* AMZNConcurrentOperation.h */ = {isa = PBXFileReference; fileEncoding = 4; lastKnownFileType = sourcecode.c.h; path = AMZNConcurrentOperation.h; sourceTree = "<group>"; };
		64ED812D1B02B013008FC4B4 /* AMZNConcurrentOperation.m */ = {isa = PBXFileReference; fileEncoding = 4; lastKnownFileType = sourcecode.c.objc; path = AMZNConcurrentOperation.m; sourceTree = "<group>"; };
		64ED812E1B02B013008FC4B4 /* AMZNOperationDispatcher.h */ = {isa = PBXFileReference; fileEncoding = 4; lastKnownFileType = sourcecode.c.h; path = AMZNOperationDispatcher.h; sourceTree = "<group>"; };
		64ED812F1B02B013008FC4B4 /* AMZNOperationDispatcher.m */ = {isa = PBXFileReference; fileEncoding = 4; lastKnownFileType = sourcecode.c.objc; path = AMZNOperationDispatcher.m; sourceTree = "<group>"; };
		64ED81311B02B013008FC4B4 /* AMZNAccountManager+Notification.h */ = {isa = PBXFileReference; fileEncoding = 4; lastKnownFileType = sourcecode.c.h; path = "AMZNAccountManager+Notification.h"; sourceTree = "<group>"; };
		64ED81321B02B013008FC4B4 /* AMZNAccountManager+Notification.m */ = {isa = PBXFileReference; fileEncoding = 4; lastKnownFileType = sourcecode.c.objc; path = "AMZNAccountManager+Notification.m"; sourceTree = "<group>"; };
		64ED81331B02B013008FC4B4 /* AMZNAccountManager.h */ = {isa = PBXFileReference; fileEncoding = 4; lastKnownFileType = sourcecode.c.h; path = AMZNAccountManager.h; sourceTree = "<group>"; };
		64ED81341B02B013008FC4B4 /* AMZNAccountManager.m */ = {isa = PBXFileReference; fileEncoding = 4; lastKnownFileType = sourcecode.c.objc; path = AMZNAccountManager.m; sourceTree = "<group>"; };
		64ED81351B02B013008FC4B4 /* AMZNAuthorizationProvider.h */ = {isa = PBXFileReference; fileEncoding = 4; lastKnownFileType = sourcecode.c.h; path = AMZNAuthorizationProvider.h; sourceTree = "<group>"; };
		64ED81361B02B013008FC4B4 /* AMZNAuthorizationProvider.m */ = {isa = PBXFileReference; fileEncoding = 4; lastKnownFileType = sourcecode.c.objc; path = AMZNAuthorizationProvider.m; sourceTree = "<group>"; };
		64ED81371B02B013008FC4B4 /* AMZNLoginWithAmazonConstants.h */ = {isa = PBXFileReference; fileEncoding = 4; lastKnownFileType = sourcecode.c.h; path = AMZNLoginWithAmazonConstants.h; sourceTree = "<group>"; };
		64ED81381B02B013008FC4B4 /* AMZNLoginWithAmazonConstants.m */ = {isa = PBXFileReference; fileEncoding = 4; lastKnownFileType = sourcecode.c.objc; path = AMZNLoginWithAmazonConstants.m; sourceTree = "<group>"; };
		64ED81391B02B013008FC4B4 /* AMZNLoginWithAmazonError.h */ = {isa = PBXFileReference; fileEncoding = 4; lastKnownFileType = sourcecode.c.h; path = AMZNLoginWithAmazonError.h; sourceTree = "<group>"; };
		64ED813A1B02B013008FC4B4 /* AMZNLoginWithAmazonError.m */ = {isa = PBXFileReference; fileEncoding = 4; lastKnownFileType = sourcecode.c.objc; path = AMZNLoginWithAmazonError.m; sourceTree = "<group>"; };
		64ED813B1B02B013008FC4B4 /* NSError+LoginWithAmazon.h */ = {isa = PBXFileReference; fileEncoding = 4; lastKnownFileType = sourcecode.c.h; path = "NSError+LoginWithAmazon.h"; sourceTree = "<group>"; };
		64ED813C1B02B013008FC4B4 /* NSError+LoginWithAmazon.m */ = {isa = PBXFileReference; fileEncoding = 4; lastKnownFileType = sourcecode.c.objc; path = "NSError+LoginWithAmazon.m"; sourceTree = "<group>"; };
		64ED813E1B02B013008FC4B4 /* AMZNGetAuthTokenOperation.h */ = {isa = PBXFileReference; fileEncoding = 4; lastKnownFileType = sourcecode.c.h; path = AMZNGetAuthTokenOperation.h; sourceTree = "<group>"; };
		64ED813F1B02B013008FC4B4 /* AMZNGetAuthTokenOperation.m */ = {isa = PBXFileReference; fileEncoding = 4; lastKnownFileType = sourcecode.c.objc; path = AMZNGetAuthTokenOperation.m; sourceTree = "<group>"; };
		64ED81401B02B013008FC4B4 /* AMZNLoginOperation.h */ = {isa = PBXFileReference; fileEncoding = 4; lastKnownFileType = sourcecode.c.h; path = AMZNLoginOperation.h; sourceTree = "<group>"; };
		64ED81411B02B013008FC4B4 /* AMZNLoginOperation.m */ = {isa = PBXFileReference; fileEncoding = 4; lastKnownFileType = sourcecode.c.objc; path = AMZNLoginOperation.m; sourceTree = "<group>"; };
		64ED81421B02B013008FC4B4 /* AMZNLogoutOperation.h */ = {isa = PBXFileReference; fileEncoding = 4; lastKnownFileType = sourcecode.c.h; path = AMZNLogoutOperation.h; sourceTree = "<group>"; };
		64ED81431B02B013008FC4B4 /* AMZNLogoutOperation.m */ = {isa = PBXFileReference; fileEncoding = 4; lastKnownFileType = sourcecode.c.objc; path = AMZNLogoutOperation.m; sourceTree = "<group>"; };
		64EF7FDA1AE05A600064004E /* ACDSKClient+Convenience.h */ = {isa = PBXFileReference; fileEncoding = 4; lastKnownFileType = sourcecode.c.h; path = "ACDSKClient+Convenience.h"; sourceTree = "<group>"; };
		64EF7FDB1AE05A600064004E /* ACDSKClient+Convenience.m */ = {isa = PBXFileReference; fileEncoding = 4; lastKnownFileType = sourcecode.c.objc; path = "ACDSKClient+Convenience.m"; sourceTree = "<group>"; };
/* End PBXFileReference section */

/* Begin PBXFrameworksBuildPhase section */
		641981031AE04FCD008C6E47 /* Frameworks */ = {
			isa = PBXFrameworksBuildPhase;
			buildActionMask = 2147483647;
			files = (
				64B62B7C1AE05E7700A433A2 /* LoginWithAmazon.framework in Frameworks */,
				64B62B7A1AE05E6900A433A2 /* Security.framework in Frameworks */,
				64CD3C271B2FAC1C00F14FB1 /* ACDSKit.framework in Frameworks */,
			);
			runOnlyForDeploymentPostprocessing = 0;
		};
/* End PBXFrameworksBuildPhase section */

/* Begin PBXGroup section */
		641980FD1AE04FCD008C6E47 = {
			isa = PBXGroup;
			children = (
				641981081AE04FCD008C6E47 /* ACDSKitSampleApp */,
				641981071AE04FCD008C6E47 /* Products */,
			);
			sourceTree = "<group>";
		};
		641981071AE04FCD008C6E47 /* Products */ = {
			isa = PBXGroup;
			children = (
				641981061AE04FCD008C6E47 /* ACDSKitSampleApp.app */,
			);
			name = Products;
			sourceTree = "<group>";
		};
		641981081AE04FCD008C6E47 /* ACDSKitSampleApp */ = {
			isa = PBXGroup;
			children = (
				6419810D1AE04FCD008C6E47 /* AppDelegate.h */,
				6419810E1AE04FCD008C6E47 /* AppDelegate.m */,
				64369A811AFC103800579459 /* Main.storyboard */,
				643D3E1A1AFBF568002DD240 /* UI */,
				64EF7FDA1AE05A600064004E /* ACDSKClient+Convenience.h */,
				64EF7FDB1AE05A600064004E /* ACDSKClient+Convenience.m */,
				64ED812A1B02B013008FC4B4 /* LoginHelper */,
				648753B11AE1D1A100411F87 /* Resources */,
				64B62B781AE05E5500A433A2 /* Frameworks */,
				641981091AE04FCD008C6E47 /* Supporting Files */,
			);
			path = ACDSKitSampleApp;
			sourceTree = "<group>";
		};
		641981091AE04FCD008C6E47 /* Supporting Files */ = {
			isa = PBXGroup;
			children = (
				6419810A1AE04FCD008C6E47 /* Info.plist */,
				6419810B1AE04FCD008C6E47 /* main.m */,
			);
			name = "Supporting Files";
			sourceTree = "<group>";
		};
		643D3E1A1AFBF568002DD240 /* UI */ = {
			isa = PBXGroup;
			children = (
				643D3E1B1AFBF568002DD240 /* ListViewController.h */,
				643D3E1C1AFBF568002DD240 /* ListViewController.m */,
				643D3E1D1AFBF568002DD240 /* LoginViewController.h */,
				643D3E1E1AFBF568002DD240 /* LoginViewController.m */,
				643D3E1F1AFBF568002DD240 /* NodeViewController.h */,
				643D3E201AFBF568002DD240 /* NodeViewController.m */,
				643D3E211AFBF568002DD240 /* PreviewViewController.h */,
				643D3E221AFBF568002DD240 /* PreviewViewController.m */,
				643D3E231AFBF568002DD240 /* UIImage+NodeIcon.h */,
				643D3E241AFBF568002DD240 /* UIImage+NodeIcon.m */,
			);
			path = UI;
			sourceTree = "<group>";
		};
		648753B11AE1D1A100411F87 /* Resources */ = {
			isa = PBXGroup;
			children = (
				642687D51AFC0F26001DE256 /* LaunchScreen.xib */,
				641981191AE04FCE008C6E47 /* Images.xcassets */,
			);
			name = Resources;
			sourceTree = "<group>";
		};
		64B62B781AE05E5500A433A2 /* Frameworks */ = {
			isa = PBXGroup;
			children = (
				64CD3C261B2FAC1C00F14FB1 /* ACDSKit.framework */,
				64B62B751AE05E4800A433A2 /* LoginWithAmazon.framework */,
				64B62B791AE05E6900A433A2 /* Security.framework */,
			);
			name = Frameworks;
			sourceTree = "<group>";
		};
		64ED812A1B02B013008FC4B4 /* LoginHelper */ = {
			isa = PBXGroup;
			children = (
				64ED812B1B02B013008FC4B4 /* AMZNCoreFoundation */,
				64ED81301B02B013008FC4B4 /* LoginWithAmazon */,
			);
			path = LoginHelper;
			sourceTree = "<group>";
		};
		64ED812B1B02B013008FC4B4 /* AMZNCoreFoundation */ = {
			isa = PBXGroup;
			children = (
				64ED812C1B02B013008FC4B4 /* AMZNConcurrentOperation.h */,
				64ED812D1B02B013008FC4B4 /* AMZNConcurrentOperation.m */,
				64ED812E1B02B013008FC4B4 /* AMZNOperationDispatcher.h */,
				64ED812F1B02B013008FC4B4 /* AMZNOperationDispatcher.m */,
			);
			path = AMZNCoreFoundation;
			sourceTree = "<group>";
		};
		64ED81301B02B013008FC4B4 /* LoginWithAmazon */ = {
			isa = PBXGroup;
			children = (
				64ED81311B02B013008FC4B4 /* AMZNAccountManager+Notification.h */,
				64ED81321B02B013008FC4B4 /* AMZNAccountManager+Notification.m */,
				64ED81331B02B013008FC4B4 /* AMZNAccountManager.h */,
				64ED81341B02B013008FC4B4 /* AMZNAccountManager.m */,
				64ED81351B02B013008FC4B4 /* AMZNAuthorizationProvider.h */,
				64ED81361B02B013008FC4B4 /* AMZNAuthorizationProvider.m */,
				64ED81371B02B013008FC4B4 /* AMZNLoginWithAmazonConstants.h */,
				64ED81381B02B013008FC4B4 /* AMZNLoginWithAmazonConstants.m */,
				64ED81391B02B013008FC4B4 /* AMZNLoginWithAmazonError.h */,
				64ED813A1B02B013008FC4B4 /* AMZNLoginWithAmazonError.m */,
				64ED813B1B02B013008FC4B4 /* NSError+LoginWithAmazon.h */,
				64ED813C1B02B013008FC4B4 /* NSError+LoginWithAmazon.m */,
				64ED813D1B02B013008FC4B4 /* Tasks */,
			);
			path = LoginWithAmazon;
			sourceTree = "<group>";
		};
		64ED813D1B02B013008FC4B4 /* Tasks */ = {
			isa = PBXGroup;
			children = (
				64ED813E1B02B013008FC4B4 /* AMZNGetAuthTokenOperation.h */,
				64ED813F1B02B013008FC4B4 /* AMZNGetAuthTokenOperation.m */,
				64ED81401B02B013008FC4B4 /* AMZNLoginOperation.h */,
				64ED81411B02B013008FC4B4 /* AMZNLoginOperation.m */,
				64ED81421B02B013008FC4B4 /* AMZNLogoutOperation.h */,
				64ED81431B02B013008FC4B4 /* AMZNLogoutOperation.m */,
			);
			path = Tasks;
			sourceTree = "<group>";
		};
/* End PBXGroup section */

/* Begin PBXNativeTarget section */
		641981051AE04FCD008C6E47 /* ACDSKitSampleApp */ = {
			isa = PBXNativeTarget;
			buildConfigurationList = 6419812C1AE04FCE008C6E47 /* Build configuration list for PBXNativeTarget "ACDSKitSampleApp" */;
			buildPhases = (
				641981021AE04FCD008C6E47 /* Sources */,
				641981031AE04FCD008C6E47 /* Frameworks */,
				641981041AE04FCD008C6E47 /* Resources */,
			);
			buildRules = (
			);
			dependencies = (
			);
			name = ACDSKitSampleApp;
			productName = ACDSKitSampleApp;
			productReference = 641981061AE04FCD008C6E47 /* ACDSKitSampleApp.app */;
			productType = "com.apple.product-type.application";
		};
/* End PBXNativeTarget section */

/* Begin PBXProject section */
		641980FE1AE04FCD008C6E47 /* Project object */ = {
			isa = PBXProject;
			attributes = {
				LastUpgradeCheck = 0630;
				ORGANIZATIONNAME = "Cloud Drive";
				TargetAttributes = {
					641981051AE04FCD008C6E47 = {
						CreatedOnToolsVersion = 6.3;
					};
				};
			};
			buildConfigurationList = 641981011AE04FCD008C6E47 /* Build configuration list for PBXProject "ACDSKitSampleApp" */;
			compatibilityVersion = "Xcode 3.2";
			developmentRegion = English;
			hasScannedForEncodings = 0;
			knownRegions = (
				en,
				Base,
			);
			mainGroup = 641980FD1AE04FCD008C6E47;
			productRefGroup = 641981071AE04FCD008C6E47 /* Products */;
			projectDirPath = "";
			projectRoot = "";
			targets = (
				641981051AE04FCD008C6E47 /* ACDSKitSampleApp */,
			);
		};
/* End PBXProject section */

/* Begin PBXResourcesBuildPhase section */
		641981041AE04FCD008C6E47 /* Resources */ = {
			isa = PBXResourcesBuildPhase;
			buildActionMask = 2147483647;
			files = (
				64369A831AFC103800579459 /* Main.storyboard in Resources */,
				6419811A1AE04FCE008C6E47 /* Images.xcassets in Resources */,
				642687D71AFC0F26001DE256 /* LaunchScreen.xib in Resources */,
			);
			runOnlyForDeploymentPostprocessing = 0;
		};
/* End PBXResourcesBuildPhase section */

/* Begin PBXSourcesBuildPhase section */
		641981021AE04FCD008C6E47 /* Sources */ = {
			isa = PBXSourcesBuildPhase;
			buildActionMask = 2147483647;
			files = (
				64ED814E1B02B013008FC4B4 /* AMZNLogoutOperation.m in Sources */,
				64ED81441B02B013008FC4B4 /* AMZNConcurrentOperation.m in Sources */,
				64ED814D1B02B013008FC4B4 /* AMZNLoginOperation.m in Sources */,
				64EF7FDC1AE05A600064004E /* ACDSKClient+Convenience.m in Sources */,
				64ED81451B02B013008FC4B4 /* AMZNOperationDispatcher.m in Sources */,
				643D3E281AFBF568002DD240 /* PreviewViewController.m in Sources */,
				643D3E251AFBF568002DD240 /* ListViewController.m in Sources */,
				64ED814C1B02B013008FC4B4 /* AMZNGetAuthTokenOperation.m in Sources */,
				64ED814B1B02B013008FC4B4 /* NSError+LoginWithAmazon.m in Sources */,
				64ED81471B02B013008FC4B4 /* AMZNAccountManager.m in Sources */,
				643D3E271AFBF568002DD240 /* NodeViewController.m in Sources */,
				64ED81491B02B013008FC4B4 /* AMZNLoginWithAmazonConstants.m in Sources */,
				6419810F1AE04FCD008C6E47 /* AppDelegate.m in Sources */,
				643D3E261AFBF568002DD240 /* LoginViewController.m in Sources */,
				64ED814A1B02B013008FC4B4 /* AMZNLoginWithAmazonError.m in Sources */,
				643D3E291AFBF568002DD240 /* UIImage+NodeIcon.m in Sources */,
				64ED81481B02B013008FC4B4 /* AMZNAuthorizationProvider.m in Sources */,
				6419810C1AE04FCD008C6E47 /* main.m in Sources */,
				64ED81461B02B013008FC4B4 /* AMZNAccountManager+Notification.m in Sources */,
			);
			runOnlyForDeploymentPostprocessing = 0;
		};
/* End PBXSourcesBuildPhase section */

/* Begin PBXVariantGroup section */
		642687D51AFC0F26001DE256 /* LaunchScreen.xib */ = {
			isa = PBXVariantGroup;
			children = (
				642687D61AFC0F26001DE256 /* Base */,
				64369A871AFC105700579459 /* en */,
			);
			name = LaunchScreen.xib;
			sourceTree = "<group>";
		};
		64369A811AFC103800579459 /* Main.storyboard */ = {
			isa = PBXVariantGroup;
			children = (
				64369A821AFC103800579459 /* Base */,
				64369A851AFC104C00579459 /* en */,
			);
			name = Main.storyboard;
			sourceTree = "<group>";
		};
/* End PBXVariantGroup section */

/* Begin XCBuildConfiguration section */
		6419812A1AE04FCE008C6E47 /* Debug */ = {
			isa = XCBuildConfiguration;
			buildSettings = {
				ALWAYS_SEARCH_USER_PATHS = NO;
				CLANG_CXX_LANGUAGE_STANDARD = "gnu++0x";
				CLANG_CXX_LIBRARY = "libc++";
				CLANG_ENABLE_MODULES = YES;
				CLANG_ENABLE_OBJC_ARC = YES;
				CLANG_WARN_BOOL_CONVERSION = YES;
				CLANG_WARN_CONSTANT_CONVERSION = YES;
				CLANG_WARN_DIRECT_OBJC_ISA_USAGE = YES_ERROR;
				CLANG_WARN_EMPTY_BODY = YES;
				CLANG_WARN_ENUM_CONVERSION = YES;
				CLANG_WARN_INT_CONVERSION = YES;
				CLANG_WARN_OBJC_ROOT_CLASS = YES_ERROR;
				CLANG_WARN_UNREACHABLE_CODE = YES;
				CLANG_WARN__DUPLICATE_METHOD_MATCH = YES;
				"CODE_SIGN_IDENTITY[sdk=iphoneos*]" = "iPhone Developer";
				COPY_PHASE_STRIP = NO;
				DEBUG_INFORMATION_FORMAT = "dwarf-with-dsym";
				ENABLE_STRICT_OBJC_MSGSEND = YES;
				GCC_C_LANGUAGE_STANDARD = gnu99;
				GCC_DYNAMIC_NO_PIC = NO;
				GCC_NO_COMMON_BLOCKS = YES;
				GCC_OPTIMIZATION_LEVEL = 0;
				GCC_PREPROCESSOR_DEFINITIONS = (
					"DEBUG=1",
					"$(inherited)",
				);
				GCC_SYMBOLS_PRIVATE_EXTERN = NO;
				GCC_WARN_64_TO_32_BIT_CONVERSION = YES;
				GCC_WARN_ABOUT_RETURN_TYPE = YES_ERROR;
				GCC_WARN_UNDECLARED_SELECTOR = YES;
				GCC_WARN_UNINITIALIZED_AUTOS = YES_AGGRESSIVE;
				GCC_WARN_UNUSED_FUNCTION = YES;
				GCC_WARN_UNUSED_VARIABLE = YES;
				IPHONEOS_DEPLOYMENT_TARGET = 8.3;
				MTL_ENABLE_DEBUG_INFO = YES;
				ONLY_ACTIVE_ARCH = YES;
				SDKROOT = iphoneos;
				TARGETED_DEVICE_FAMILY = "1,2";
			};
			name = Debug;
		};
		6419812B1AE04FCE008C6E47 /* Release */ = {
			isa = XCBuildConfiguration;
			buildSettings = {
				ALWAYS_SEARCH_USER_PATHS = NO;
				CLANG_CXX_LANGUAGE_STANDARD = "gnu++0x";
				CLANG_CXX_LIBRARY = "libc++";
				CLANG_ENABLE_MODULES = YES;
				CLANG_ENABLE_OBJC_ARC = YES;
				CLANG_WARN_BOOL_CONVERSION = YES;
				CLANG_WARN_CONSTANT_CONVERSION = YES;
				CLANG_WARN_DIRECT_OBJC_ISA_USAGE = YES_ERROR;
				CLANG_WARN_EMPTY_BODY = YES;
				CLANG_WARN_ENUM_CONVERSION = YES;
				CLANG_WARN_INT_CONVERSION = YES;
				CLANG_WARN_OBJC_ROOT_CLASS = YES_ERROR;
				CLANG_WARN_UNREACHABLE_CODE = YES;
				CLANG_WARN__DUPLICATE_METHOD_MATCH = YES;
				"CODE_SIGN_IDENTITY[sdk=iphoneos*]" = "iPhone Developer";
				COPY_PHASE_STRIP = NO;
				DEBUG_INFORMATION_FORMAT = "dwarf-with-dsym";
				ENABLE_NS_ASSERTIONS = NO;
				ENABLE_STRICT_OBJC_MSGSEND = YES;
				GCC_C_LANGUAGE_STANDARD = gnu99;
				GCC_NO_COMMON_BLOCKS = YES;
				GCC_WARN_64_TO_32_BIT_CONVERSION = YES;
				GCC_WARN_ABOUT_RETURN_TYPE = YES_ERROR;
				GCC_WARN_UNDECLARED_SELECTOR = YES;
				GCC_WARN_UNINITIALIZED_AUTOS = YES_AGGRESSIVE;
				GCC_WARN_UNUSED_FUNCTION = YES;
				GCC_WARN_UNUSED_VARIABLE = YES;
				IPHONEOS_DEPLOYMENT_TARGET = 8.3;
				MTL_ENABLE_DEBUG_INFO = NO;
				SDKROOT = iphoneos;
				TARGETED_DEVICE_FAMILY = "1,2";
				VALIDATE_PRODUCT = YES;
			};
			name = Release;
		};
		6419812D1AE04FCE008C6E47 /* Debug */ = {
			isa = XCBuildConfiguration;
			buildSettings = {
				ASSETCATALOG_COMPILER_APPICON_NAME = AppIcon;
				FRAMEWORK_SEARCH_PATHS = (
					"$(inherited)",
					"$(PROJECT_DIR)",
					"$(PROJECT_DIR)/ACDSKitSampleApp/Frameworks",
				);
				INFOPLIST_FILE = ACDSKitSampleApp/Info.plist;
				IPHONEOS_DEPLOYMENT_TARGET = 8.0;
				LD_RUNPATH_SEARCH_PATHS = "$(inherited) @executable_path/Frameworks";
				OTHER_LDFLAGS = "-ObjC";
				PRODUCT_NAME = "$(TARGET_NAME)";
			};
			name = Debug;
		};
		6419812E1AE04FCE008C6E47 /* Release */ = {
			isa = XCBuildConfiguration;
			buildSettings = {
				ASSETCATALOG_COMPILER_APPICON_NAME = AppIcon;
				FRAMEWORK_SEARCH_PATHS = (
					"$(inherited)",
					"$(PROJECT_DIR)",
					"$(PROJECT_DIR)/ACDSKitSampleApp/Frameworks",
				);
				INFOPLIST_FILE = ACDSKitSampleApp/Info.plist;
				IPHONEOS_DEPLOYMENT_TARGET = 8.0;
				LD_RUNPATH_SEARCH_PATHS = "$(inherited) @executable_path/Frameworks";
				OTHER_LDFLAGS = "-ObjC";
				PRODUCT_NAME = "$(TARGET_NAME)";
			};
			name = Release;
		};
/* End XCBuildConfiguration section */

/* Begin XCConfigurationList section */
		641981011AE04FCD008C6E47 /* Build configuration list for PBXProject "ACDSKitSampleApp" */ = {
			isa = XCConfigurationList;
			buildConfigurations = (
				6419812A1AE04FCE008C6E47 /* Debug */,
				6419812B1AE04FCE008C6E47 /* Release */,
			);
			defaultConfigurationIsVisible = 0;
			defaultConfigurationName = Release;
		};
		6419812C1AE04FCE008C6E47 /* Build configuration list for PBXNativeTarget "ACDSKitSampleApp" */ = {
			isa = XCConfigurationList;
			buildConfigurations = (
				6419812D1AE04FCE008C6E47 /* Debug */,
				6419812E1AE04FCE008C6E47 /* Release */,
			);
			defaultConfigurationIsVisible = 0;
			defaultConfigurationName = Release;
		};
/* End XCConfigurationList section */
	};
	rootObject = 641980FE1AE04FCD008C6E47 /* Project object */;
}
