// !$*UTF8*$!
{
	archiveVersion = 1;
	classes = {
	};
	objectVersion = 46;
	objects = {

/* Begin PBXBuildFile section */
		643B2C8C1B00524900FB69C2 /* main.m in Sources */ = {isa = PBXBuildFile; fileRef = 643B2C8B1B00524900FB69C2 /* main.m */; };
		643B2C8F1B00524900FB69C2 /* AppDelegate.m in Sources */ = {isa = PBXBuildFile; fileRef = 643B2C8E1B00524900FB69C2 /* AppDelegate.m */; };
		643B2C921B00524900FB69C2 /* ViewController.m in Sources */ = {isa = PBXBuildFile; fileRef = 643B2C911B00524900FB69C2 /* ViewController.m */; };
		643B2C951B00524900FB69C2 /* Main.storyboard in Resources */ = {isa = PBXBuildFile; fileRef = 643B2C931B00524900FB69C2 /* Main.storyboard */; };
		643B2C971B00524900FB69C2 /* Images.xcassets in Resources */ = {isa = PBXBuildFile; fileRef = 643B2C961B00524900FB69C2 /* Images.xcassets */; };
		643B2C9A1B00524900FB69C2 /* LaunchScreen.xib in Resources */ = {isa = PBXBuildFile; fileRef = 643B2C981B00524900FB69C2 /* LaunchScreen.xib */; };
		643B2CB41B0061EB00FB69C2 /* Security.framework in Frameworks */ = {isa = PBXBuildFile; fileRef = 643B2CB31B0061EB00FB69C2 /* Security.framework */; };
		64A828C81B0149FE00B70A73 /* AMZNConcurrentOperation.m in Sources */ = {isa = PBXBuildFile; fileRef = 64A828AF1B0149FE00B70A73 /* AMZNConcurrentOperation.m */; };
		64A828C91B0149FE00B70A73 /* AMZNOperationDispatcher.m in Sources */ = {isa = PBXBuildFile; fileRef = 64A828B11B0149FE00B70A73 /* AMZNOperationDispatcher.m */; };
		64A828CA1B0149FE00B70A73 /* AMZNAccountManager+Notification.m in Sources */ = {isa = PBXBuildFile; fileRef = 64A828B41B0149FE00B70A73 /* AMZNAccountManager+Notification.m */; };
		64A828CB1B0149FE00B70A73 /* AMZNAccountManager.m in Sources */ = {isa = PBXBuildFile; fileRef = 64A828B61B0149FE00B70A73 /* AMZNAccountManager.m */; };
		64A828CC1B0149FE00B70A73 /* AMZNAuthorizationProvider.m in Sources */ = {isa = PBXBuildFile; fileRef = 64A828B81B0149FE00B70A73 /* AMZNAuthorizationProvider.m */; };
		64A828CD1B0149FE00B70A73 /* AMZNLoginWithAmazonConstants.m in Sources */ = {isa = PBXBuildFile; fileRef = 64A828BA1B0149FE00B70A73 /* AMZNLoginWithAmazonConstants.m */; };
		64A828CE1B0149FE00B70A73 /* AMZNLoginWithAmazonError.m in Sources */ = {isa = PBXBuildFile; fileRef = 64A828BC1B0149FE00B70A73 /* AMZNLoginWithAmazonError.m */; };
		64A828CF1B0149FE00B70A73 /* NSError+LoginWithAmazon.m in Sources */ = {isa = PBXBuildFile; fileRef = 64A828BE1B0149FE00B70A73 /* NSError+LoginWithAmazon.m */; };
		64A828D01B0149FE00B70A73 /* AMZNGetAuthTokenOperation.m in Sources */ = {isa = PBXBuildFile; fileRef = 64A828C11B0149FE00B70A73 /* AMZNGetAuthTokenOperation.m */; };
		64A828D11B0149FE00B70A73 /* AMZNLoginOperation.m in Sources */ = {isa = PBXBuildFile; fileRef = 64A828C31B0149FE00B70A73 /* AMZNLoginOperation.m */; };
		64A828D21B0149FE00B70A73 /* AMZNLogoutOperation.m in Sources */ = {isa = PBXBuildFile; fileRef = 64A828C51B0149FE00B70A73 /* AMZNLogoutOperation.m */; };
		64A828D71B014A2900B70A73 /* LoginWithAmazon.framework in Frameworks */ = {isa = PBXBuildFile; fileRef = 64A828D51B014A2900B70A73 /* LoginWithAmazon.framework */; };
		64CD3C291B2FAC7800F14FB1 /* ACDSKit.framework in Frameworks */ = {isa = PBXBuildFile; fileRef = 64CD3C281B2FAC7800F14FB1 /* ACDSKit.framework */; };
/* End PBXBuildFile section */

/* Begin PBXFileReference section */
		643B2C861B00524900FB69C2 /* ACDSKitHelloWorld.app */ = {isa = PBXFileReference; explicitFileType = wrapper.application; includeInIndex = 0; path = ACDSKitHelloWorld.app; sourceTree = BUILT_PRODUCTS_DIR; };
		643B2C8A1B00524900FB69C2 /* Info.plist */ = {isa = PBXFileReference; lastKnownFileType = text.plist.xml; path = Info.plist; sourceTree = "<group>"; };
		643B2C8B1B00524900FB69C2 /* main.m */ = {isa = PBXFileReference; lastKnownFileType = sourcecode.c.objc; path = main.m; sourceTree = "<group>"; };
		643B2C8D1B00524900FB69C2 /* AppDelegate.h */ = {isa = PBXFileReference; lastKnownFileType = sourcecode.c.h; path = AppDelegate.h; sourceTree = "<group>"; };
		643B2C8E1B00524900FB69C2 /* AppDelegate.m */ = {isa = PBXFileReference; lastKnownFileType = sourcecode.c.objc; path = AppDelegate.m; sourceTree = "<group>"; };
		643B2C901B00524900FB69C2 /* ViewController.h */ = {isa = PBXFileReference; lastKnownFileType = sourcecode.c.h; path = ViewController.h; sourceTree = "<group>"; };
		643B2C911B00524900FB69C2 /* ViewController.m */ = {isa = PBXFileReference; lastKnownFileType = sourcecode.c.objc; path = ViewController.m; sourceTree = "<group>"; };
		643B2C941B00524900FB69C2 /* Base */ = {isa = PBXFileReference; lastKnownFileType = file.storyboard; name = Base; path = Base.lproj/Main.storyboard; sourceTree = "<group>"; };
		643B2C961B00524900FB69C2 /* Images.xcassets */ = {isa = PBXFileReference; lastKnownFileType = folder.assetcatalog; path = Images.xcassets; sourceTree = "<group>"; };
		643B2C991B00524900FB69C2 /* Base */ = {isa = PBXFileReference; lastKnownFileType = file.xib; name = Base; path = Base.lproj/LaunchScreen.xib; sourceTree = "<group>"; };
		643B2CB31B0061EB00FB69C2 /* Security.framework */ = {isa = PBXFileReference; lastKnownFileType = wrapper.framework; name = Security.framework; path = System/Library/Frameworks/Security.framework; sourceTree = SDKROOT; };
		64A828AE1B0149FE00B70A73 /* AMZNConcurrentOperation.h */ = {isa = PBXFileReference; fileEncoding = 4; lastKnownFileType = sourcecode.c.h; path = AMZNConcurrentOperation.h; sourceTree = "<group>"; };
		64A828AF1B0149FE00B70A73 /* AMZNConcurrentOperation.m */ = {isa = PBXFileReference; fileEncoding = 4; lastKnownFileType = sourcecode.c.objc; path = AMZNConcurrentOperation.m; sourceTree = "<group>"; };
		64A828B01B0149FE00B70A73 /* AMZNOperationDispatcher.h */ = {isa = PBXFileReference; fileEncoding = 4; lastKnownFileType = sourcecode.c.h; path = AMZNOperationDispatcher.h; sourceTree = "<group>"; };
		64A828B11B0149FE00B70A73 /* AMZNOperationDispatcher.m */ = {isa = PBXFileReference; fileEncoding = 4; lastKnownFileType = sourcecode.c.objc; path = AMZNOperationDispatcher.m; sourceTree = "<group>"; };
		64A828B31B0149FE00B70A73 /* AMZNAccountManager+Notification.h */ = {isa = PBXFileReference; fileEncoding = 4; lastKnownFileType = sourcecode.c.h; path = "AMZNAccountManager+Notification.h"; sourceTree = "<group>"; };
		64A828B41B0149FE00B70A73 /* AMZNAccountManager+Notification.m */ = {isa = PBXFileReference; fileEncoding = 4; lastKnownFileType = sourcecode.c.objc; path = "AMZNAccountManager+Notification.m"; sourceTree = "<group>"; };
		64A828B51B0149FE00B70A73 /* AMZNAccountManager.h */ = {isa = PBXFileReference; fileEncoding = 4; lastKnownFileType = sourcecode.c.h; path = AMZNAccountManager.h; sourceTree = "<group>"; };
		64A828B61B0149FE00B70A73 /* AMZNAccountManager.m */ = {isa = PBXFileReference; fileEncoding = 4; lastKnownFileType = sourcecode.c.objc; path = AMZNAccountManager.m; sourceTree = "<group>"; };
		64A828B71B0149FE00B70A73 /* AMZNAuthorizationProvider.h */ = {isa = PBXFileReference; fileEncoding = 4; lastKnownFileType = sourcecode.c.h; path = AMZNAuthorizationProvider.h; sourceTree = "<group>"; };
		64A828B81B0149FE00B70A73 /* AMZNAuthorizationProvider.m */ = {isa = PBXFileReference; fileEncoding = 4; lastKnownFileType = sourcecode.c.objc; path = AMZNAuthorizationProvider.m; sourceTree = "<group>"; };
		64A828B91B0149FE00B70A73 /* AMZNLoginWithAmazonConstants.h */ = {isa = PBXFileReference; fileEncoding = 4; lastKnownFileType = sourcecode.c.h; path = AMZNLoginWithAmazonConstants.h; sourceTree = "<group>"; };
		64A828BA1B0149FE00B70A73 /* AMZNLoginWithAmazonConstants.m */ = {isa = PBXFileReference; fileEncoding = 4; lastKnownFileType = sourcecode.c.objc; path = AMZNLoginWithAmazonConstants.m; sourceTree = "<group>"; };
		64A828BB1B0149FE00B70A73 /* AMZNLoginWithAmazonError.h */ = {isa = PBXFileReference; fileEncoding = 4; lastKnownFileType = sourcecode.c.h; path = AMZNLoginWithAmazonError.h; sourceTree = "<group>"; };
		64A828BC1B0149FE00B70A73 /* AMZNLoginWithAmazonError.m */ = {isa = PBXFileReference; fileEncoding = 4; lastKnownFileType = sourcecode.c.objc; path = AMZNLoginWithAmazonError.m; sourceTree = "<group>"; };
		64A828BD1B0149FE00B70A73 /* NSError+LoginWithAmazon.h */ = {isa = PBXFileReference; fileEncoding = 4; lastKnownFileType = sourcecode.c.h; path = "NSError+LoginWithAmazon.h"; sourceTree = "<group>"; };
		64A828BE1B0149FE00B70A73 /* NSError+LoginWithAmazon.m */ = {isa = PBXFileReference; fileEncoding = 4; lastKnownFileType = sourcecode.c.objc; path = "NSError+LoginWithAmazon.m"; sourceTree = "<group>"; };
		64A828C01B0149FE00B70A73 /* AMZNGetAuthTokenOperation.h */ = {isa = PBXFileReference; fileEncoding = 4; lastKnownFileType = sourcecode.c.h; path = AMZNGetAuthTokenOperation.h; sourceTree = "<group>"; };
		64A828C11B0149FE00B70A73 /* AMZNGetAuthTokenOperation.m */ = {isa = PBXFileReference; fileEncoding = 4; lastKnownFileType = sourcecode.c.objc; path = AMZNGetAuthTokenOperation.m; sourceTree = "<group>"; };
		64A828C21B0149FE00B70A73 /* AMZNLoginOperation.h */ = {isa = PBXFileReference; fileEncoding = 4; lastKnownFileType = sourcecode.c.h; path = AMZNLoginOperation.h; sourceTree = "<group>"; };
		64A828C31B0149FE00B70A73 /* AMZNLoginOperation.m */ = {isa = PBXFileReference; fileEncoding = 4; lastKnownFileType = sourcecode.c.objc; path = AMZNLoginOperation.m; sourceTree = "<group>"; };
		64A828C41B0149FE00B70A73 /* AMZNLogoutOperation.h */ = {isa = PBXFileReference; fileEncoding = 4; lastKnownFileType = sourcecode.c.h; path = AMZNLogoutOperation.h; sourceTree = "<group>"; };
		64A828C51B0149FE00B70A73 /* AMZNLogoutOperation.m */ = {isa = PBXFileReference; fileEncoding = 4; lastKnownFileType = sourcecode.c.objc; path = AMZNLogoutOperation.m; sourceTree = "<group>"; };
		64A828D51B014A2900B70A73 /* LoginWithAmazon.framework */ = {isa = PBXFileReference; lastKnownFileType = wrapper.framework; name = LoginWithAmazon.framework; path = ACDSKitHelloWorld/Frameworks/LoginWithAmazon.framework; sourceTree = "<group>"; };
		64CD3C281B2FAC7800F14FB1 /* ACDSKit.framework */ = {isa = PBXFileReference; lastKnownFileType = wrapper.framework; name = ACDSKit.framework; path = ACDSKitHelloWorld/Frameworks/ACDSKit.framework; sourceTree = "<group>"; };
/* End PBXFileReference section */

/* Begin PBXFrameworksBuildPhase section */
		643B2C831B00524900FB69C2 /* Frameworks */ = {
			isa = PBXFrameworksBuildPhase;
			buildActionMask = 2147483647;
			files = (
				64A828D71B014A2900B70A73 /* LoginWithAmazon.framework in Frameworks */,
				643B2CB41B0061EB00FB69C2 /* Security.framework in Frameworks */,
				64CD3C291B2FAC7800F14FB1 /* ACDSKit.framework in Frameworks */,
			);
			runOnlyForDeploymentPostprocessing = 0;
		};
/* End PBXFrameworksBuildPhase section */

/* Begin PBXGroup section */
		643B2C7D1B00524900FB69C2 = {
			isa = PBXGroup;
			children = (
				643B2C881B00524900FB69C2 /* ACDSKitHelloWorld */,
				643B2C871B00524900FB69C2 /* Products */,
			);
			sourceTree = "<group>";
		};
		643B2C871B00524900FB69C2 /* Products */ = {
			isa = PBXGroup;
			children = (
				643B2C861B00524900FB69C2 /* ACDSKitHelloWorld.app */,
			);
			name = Products;
			sourceTree = "<group>";
		};
		643B2C881B00524900FB69C2 /* ACDSKitHelloWorld */ = {
			isa = PBXGroup;
			children = (
				643B2C8D1B00524900FB69C2 /* AppDelegate.h */,
				643B2C8E1B00524900FB69C2 /* AppDelegate.m */,
				643B2C901B00524900FB69C2 /* ViewController.h */,
				643B2C911B00524900FB69C2 /* ViewController.m */,
				643B2C931B00524900FB69C2 /* Main.storyboard */,
				643B2C961B00524900FB69C2 /* Images.xcassets */,
				643B2C981B00524900FB69C2 /* LaunchScreen.xib */,
				643B2C891B00524900FB69C2 /* Supporting Files */,
				64A828AC1B0149FE00B70A73 /* LoginHelper */,
				64A828AA1B01412C00B70A73 /* Frameworks */,
			);
			path = ACDSKitHelloWorld;
			sourceTree = "<group>";
		};
		643B2C891B00524900FB69C2 /* Supporting Files */ = {
			isa = PBXGroup;
			children = (
				643B2C8A1B00524900FB69C2 /* Info.plist */,
				643B2C8B1B00524900FB69C2 /* main.m */,
			);
			name = "Supporting Files";
			sourceTree = "<group>";
		};
		64A828AA1B01412C00B70A73 /* Frameworks */ = {
			isa = PBXGroup;
			children = (
				64CD3C281B2FAC7800F14FB1 /* ACDSKit.framework */,
				64A828D51B014A2900B70A73 /* LoginWithAmazon.framework */,
				643B2CB31B0061EB00FB69C2 /* Security.framework */,
			);
			name = Frameworks;
			path = ..;
			sourceTree = "<group>";
		};
		64A828AC1B0149FE00B70A73 /* LoginHelper */ = {
			isa = PBXGroup;
			children = (
				64A828AD1B0149FE00B70A73 /* AMZNCoreFoundation */,
				64A828B21B0149FE00B70A73 /* LoginWithAmazon */,
			);
			path = LoginHelper;
			sourceTree = "<group>";
		};
		64A828AD1B0149FE00B70A73 /* AMZNCoreFoundation */ = {
			isa = PBXGroup;
			children = (
				64A828AE1B0149FE00B70A73 /* AMZNConcurrentOperation.h */,
				64A828AF1B0149FE00B70A73 /* AMZNConcurrentOperation.m */,
				64A828B01B0149FE00B70A73 /* AMZNOperationDispatcher.h */,
				64A828B11B0149FE00B70A73 /* AMZNOperationDispatcher.m */,
			);
			path = AMZNCoreFoundation;
			sourceTree = "<group>";
		};
		64A828B21B0149FE00B70A73 /* LoginWithAmazon */ = {
			isa = PBXGroup;
			children = (
				64A828B31B0149FE00B70A73 /* AMZNAccountManager+Notification.h */,
				64A828B41B0149FE00B70A73 /* AMZNAccountManager+Notification.m */,
				64A828B51B0149FE00B70A73 /* AMZNAccountManager.h */,
				64A828B61B0149FE00B70A73 /* AMZNAccountManager.m */,
				64A828B71B0149FE00B70A73 /* AMZNAuthorizationProvider.h */,
				64A828B81B0149FE00B70A73 /* AMZNAuthorizationProvider.m */,
				64A828B91B0149FE00B70A73 /* AMZNLoginWithAmazonConstants.h */,
				64A828BA1B0149FE00B70A73 /* AMZNLoginWithAmazonConstants.m */,
				64A828BB1B0149FE00B70A73 /* AMZNLoginWithAmazonError.h */,
				64A828BC1B0149FE00B70A73 /* AMZNLoginWithAmazonError.m */,
				64A828BD1B0149FE00B70A73 /* NSError+LoginWithAmazon.h */,
				64A828BE1B0149FE00B70A73 /* NSError+LoginWithAmazon.m */,
				64A828BF1B0149FE00B70A73 /* Tasks */,
			);
			path = LoginWithAmazon;
			sourceTree = "<group>";
		};
		64A828BF1B0149FE00B70A73 /* Tasks */ = {
			isa = PBXGroup;
			children = (
				64A828C01B0149FE00B70A73 /* AMZNGetAuthTokenOperation.h */,
				64A828C11B0149FE00B70A73 /* AMZNGetAuthTokenOperation.m */,
				64A828C21B0149FE00B70A73 /* AMZNLoginOperation.h */,
				64A828C31B0149FE00B70A73 /* AMZNLoginOperation.m */,
				64A828C41B0149FE00B70A73 /* AMZNLogoutOperation.h */,
				64A828C51B0149FE00B70A73 /* AMZNLogoutOperation.m */,
			);
			path = Tasks;
			sourceTree = "<group>";
		};
/* End PBXGroup section */

/* Begin PBXNativeTarget section */
		643B2C851B00524900FB69C2 /* ACDSKitHelloWorld */ = {
			isa = PBXNativeTarget;
			buildConfigurationList = 643B2CA91B00524900FB69C2 /* Build configuration list for PBXNativeTarget "ACDSKitHelloWorld" */;
			buildPhases = (
				643B2C821B00524900FB69C2 /* Sources */,
				643B2C831B00524900FB69C2 /* Frameworks */,
				643B2C841B00524900FB69C2 /* Resources */,
			);
			buildRules = (
			);
			dependencies = (
			);
			name = ACDSKitHelloWorld;
			productName = ACDSKitHelloWorld;
			productReference = 643B2C861B00524900FB69C2 /* ACDSKitHelloWorld.app */;
			productType = "com.apple.product-type.application";
		};
/* End PBXNativeTarget section */

/* Begin PBXProject section */
		643B2C7E1B00524900FB69C2 /* Project object */ = {
			isa = PBXProject;
			attributes = {
				LastUpgradeCheck = 0630;
				ORGANIZATIONNAME = "Cloud Drive";
				TargetAttributes = {
					643B2C851B00524900FB69C2 = {
						CreatedOnToolsVersion = 6.3.1;
					};
				};
			};
			buildConfigurationList = 643B2C811B00524900FB69C2 /* Build configuration list for PBXProject "ACDSKitHelloWorld" */;
			compatibilityVersion = "Xcode 3.2";
			developmentRegion = English;
			hasScannedForEncodings = 0;
			knownRegions = (
				en,
				Base,
			);
			mainGroup = 643B2C7D1B00524900FB69C2;
			productRefGroup = 643B2C871B00524900FB69C2 /* Products */;
			projectDirPath = "";
			projectRoot = "";
			targets = (
				643B2C851B00524900FB69C2 /* ACDSKitHelloWorld */,
			);
		};
/* End PBXProject section */

/* Begin PBXResourcesBuildPhase section */
		643B2C841B00524900FB69C2 /* Resources */ = {
			isa = PBXResourcesBuildPhase;
			buildActionMask = 2147483647;
			files = (
				643B2C951B00524900FB69C2 /* Main.storyboard in Resources */,
				643B2C9A1B00524900FB69C2 /* LaunchScreen.xib in Resources */,
				643B2C971B00524900FB69C2 /* Images.xcassets in Resources */,
			);
			runOnlyForDeploymentPostprocessing = 0;
		};
/* End PBXResourcesBuildPhase section */

/* Begin PBXSourcesBuildPhase section */
		643B2C821B00524900FB69C2 /* Sources */ = {
			isa = PBXSourcesBuildPhase;
			buildActionMask = 2147483647;
			files = (
				64A828D01B0149FE00B70A73 /* AMZNGetAuthTokenOperation.m in Sources */,
				64A828CE1B0149FE00B70A73 /* AMZNLoginWithAmazonError.m in Sources */,
				64A828CC1B0149FE00B70A73 /* AMZNAuthorizationProvider.m in Sources */,
				643B2C921B00524900FB69C2 /* ViewController.m in Sources */,
				64A828CD1B0149FE00B70A73 /* AMZNLoginWithAmazonConstants.m in Sources */,
				64A828D21B0149FE00B70A73 /* AMZNLogoutOperation.m in Sources */,
				64A828CB1B0149FE00B70A73 /* AMZNAccountManager.m in Sources */,
				643B2C8F1B00524900FB69C2 /* AppDelegate.m in Sources */,
				64A828CA1B0149FE00B70A73 /* AMZNAccountManager+Notification.m in Sources */,
				64A828C91B0149FE00B70A73 /* AMZNOperationDispatcher.m in Sources */,
				64A828CF1B0149FE00B70A73 /* NSError+LoginWithAmazon.m in Sources */,
				64A828D11B0149FE00B70A73 /* AMZNLoginOperation.m in Sources */,
				64A828C81B0149FE00B70A73 /* AMZNConcurrentOperation.m in Sources */,
				643B2C8C1B00524900FB69C2 /* main.m in Sources */,
			);
			runOnlyForDeploymentPostprocessing = 0;
		};
/* End PBXSourcesBuildPhase section */

/* Begin PBXVariantGroup section */
		643B2C931B00524900FB69C2 /* Main.storyboard */ = {
			isa = PBXVariantGroup;
			children = (
				643B2C941B00524900FB69C2 /* Base */,
			);
			name = Main.storyboard;
			sourceTree = "<group>";
		};
		643B2C981B00524900FB69C2 /* LaunchScreen.xib */ = {
			isa = PBXVariantGroup;
			children = (
				643B2C991B00524900FB69C2 /* Base */,
			);
			name = LaunchScreen.xib;
			sourceTree = "<group>";
		};
/* End PBXVariantGroup section */

/* Begin XCBuildConfiguration section */
		643B2CA71B00524900FB69C2 /* Debug */ = {
			isa = XCBuildConfiguration;
			buildSettings = {
				ALWAYS_SEARCH_USER_PATHS = NO;
				CLANG_CXX_LANGUAGE_STANDARD = "gnu++0x";
				CLANG_CXX_LIBRARY = "libc++";
				CLANG_ENABLE_MODULES = YES;
				CLANG_ENABLE_OBJC_ARC = YES;
				CLANG_WARN_BOOL_CONVERSION = YES;
				CLANG_WARN_CONSTANT_CONVERSION = YES;
				CLANG_WARN_DIRECT_OBJC_ISA_USAGE = YES_ERROR;
				CLANG_WARN_EMPTY_BODY = YES;
				CLANG_WARN_ENUM_CONVERSION = YES;
				CLANG_WARN_INT_CONVERSION = YES;
				CLANG_WARN_OBJC_ROOT_CLASS = YES_ERROR;
				CLANG_WARN_UNREACHABLE_CODE = YES;
				CLANG_WARN__DUPLICATE_METHOD_MATCH = YES;
				"CODE_SIGN_IDENTITY[sdk=iphoneos*]" = "iPhone Developer";
				COPY_PHASE_STRIP = NO;
				DEBUG_INFORMATION_FORMAT = "dwarf-with-dsym";
				ENABLE_STRICT_OBJC_MSGSEND = YES;
				GCC_C_LANGUAGE_STANDARD = gnu99;
				GCC_DYNAMIC_NO_PIC = NO;
				GCC_NO_COMMON_BLOCKS = YES;
				GCC_OPTIMIZATION_LEVEL = 0;
				GCC_PREPROCESSOR_DEFINITIONS = (
					"DEBUG=1",
					"$(inherited)",
				);
				GCC_SYMBOLS_PRIVATE_EXTERN = NO;
				GCC_WARN_64_TO_32_BIT_CONVERSION = YES;
				GCC_WARN_ABOUT_RETURN_TYPE = YES_ERROR;
				GCC_WARN_UNDECLARED_SELECTOR = YES;
				GCC_WARN_UNINITIALIZED_AUTOS = YES_AGGRESSIVE;
				GCC_WARN_UNUSED_FUNCTION = YES;
				GCC_WARN_UNUSED_VARIABLE = YES;
				IPHONEOS_DEPLOYMENT_TARGET = 8.3;
				MTL_ENABLE_DEBUG_INFO = YES;
				ONLY_ACTIVE_ARCH = YES;
				SDKROOT = iphoneos;
				TARGETED_DEVICE_FAMILY = "1,2";
			};
			name = Debug;
		};
		643B2CA81B00524900FB69C2 /* Release */ = {
			isa = XCBuildConfiguration;
			buildSettings = {
				ALWAYS_SEARCH_USER_PATHS = NO;
				CLANG_CXX_LANGUAGE_STANDARD = "gnu++0x";
				CLANG_CXX_LIBRARY = "libc++";
				CLANG_ENABLE_MODULES = YES;
				CLANG_ENABLE_OBJC_ARC = YES;
				CLANG_WARN_BOOL_CONVERSION = YES;
				CLANG_WARN_CONSTANT_CONVERSION = YES;
				CLANG_WARN_DIRECT_OBJC_ISA_USAGE = YES_ERROR;
				CLANG_WARN_EMPTY_BODY = YES;
				CLANG_WARN_ENUM_CONVERSION = YES;
				CLANG_WARN_INT_CONVERSION = YES;
				CLANG_WARN_OBJC_ROOT_CLASS = YES_ERROR;
				CLANG_WARN_UNREACHABLE_CODE = YES;
				CLANG_WARN__DUPLICATE_METHOD_MATCH = YES;
				"CODE_SIGN_IDENTITY[sdk=iphoneos*]" = "iPhone Developer";
				COPY_PHASE_STRIP = NO;
				DEBUG_INFORMATION_FORMAT = "dwarf-with-dsym";
				ENABLE_NS_ASSERTIONS = NO;
				ENABLE_STRICT_OBJC_MSGSEND = YES;
				GCC_C_LANGUAGE_STANDARD = gnu99;
				GCC_NO_COMMON_BLOCKS = YES;
				GCC_WARN_64_TO_32_BIT_CONVERSION = YES;
				GCC_WARN_ABOUT_RETURN_TYPE = YES_ERROR;
				GCC_WARN_UNDECLARED_SELECTOR = YES;
				GCC_WARN_UNINITIALIZED_AUTOS = YES_AGGRESSIVE;
				GCC_WARN_UNUSED_FUNCTION = YES;
				GCC_WARN_UNUSED_VARIABLE = YES;
				IPHONEOS_DEPLOYMENT_TARGET = 8.3;
				MTL_ENABLE_DEBUG_INFO = NO;
				SDKROOT = iphoneos;
				TARGETED_DEVICE_FAMILY = "1,2";
				VALIDATE_PRODUCT = YES;
			};
			name = Release;
		};
		643B2CAA1B00524900FB69C2 /* Debug */ = {
			isa = XCBuildConfiguration;
			buildSettings = {
				ASSETCATALOG_COMPILER_APPICON_NAME = AppIcon;
				FRAMEWORK_SEARCH_PATHS = (
					"$(inherited)",
					"$(PROJECT_DIR)",
					"$(PROJECT_DIR)/ACDSKitHelloWorld",
					"$(PROJECT_DIR)/ACDSKitHelloWorld/Frameworks",
				);
				INFOPLIST_FILE = ACDSKitHelloWorld/Info.plist;
				LD_RUNPATH_SEARCH_PATHS = "$(inherited) @executable_path/Frameworks";
				OTHER_LDFLAGS = "-ObjC";
				PRODUCT_NAME = "$(TARGET_NAME)";
			};
			name = Debug;
		};
		643B2CAB1B00524900FB69C2 /* Release */ = {
			isa = XCBuildConfiguration;
			buildSettings = {
				ASSETCATALOG_COMPILER_APPICON_NAME = AppIcon;
				FRAMEWORK_SEARCH_PATHS = (
					"$(inherited)",
					"$(PROJECT_DIR)",
					"$(PROJECT_DIR)/ACDSKitHelloWorld",
					"$(PROJECT_DIR)/ACDSKitHelloWorld/Frameworks",
				);
				INFOPLIST_FILE = ACDSKitHelloWorld/Info.plist;
				LD_RUNPATH_SEARCH_PATHS = "$(inherited) @executable_path/Frameworks";
				OTHER_LDFLAGS = "-ObjC";
				PRODUCT_NAME = "$(TARGET_NAME)";
			};
			name = Release;
		};
/* End XCBuildConfiguration section */

/* Begin XCConfigurationList section */
		643B2C811B00524900FB69C2 /* Build configuration list for PBXProject "ACDSKitHelloWorld" */ = {
			isa = XCConfigurationList;
			buildConfigurations = (
				643B2CA71B00524900FB69C2 /* Debug */,
				643B2CA81B00524900FB69C2 /* Release */,
			);
			defaultConfigurationIsVisible = 0;
			defaultConfigurationName = Release;
		};
		643B2CA91B00524900FB69C2 /* Build configuration list for PBXNativeTarget "ACDSKitHelloWorld" */ = {
			isa = XCConfigurationList;
			buildConfigurations = (
				643B2CAA1B00524900FB69C2 /* Debug */,
				643B2CAB1B00524900FB69C2 /* Release */,
			);
			defaultConfigurationIsVisible = 0;
			defaultConfigurationName = Release;
		};
/* End XCConfigurationList section */
	};
	rootObject = 643B2C7E1B00524900FB69C2 /* Project object */;
}
